// !$*UTF8*$!
{
	archiveVersion = 1;
	classes = {
	};
	objectVersion = 56;
	objects = {

/* Begin PBXBuildFile section */
		C05AC1D72B18CEE800032293 /* FirebaseAnalytics in Frameworks */ = {isa = PBXBuildFile; productRef = C05AC1D62B18CEE800032293 /* FirebaseAnalytics */; };
		C05AC1D92B18CEE800032293 /* FirebaseAnalyticsOnDeviceConversion in Frameworks */ = {isa = PBXBuildFile; productRef = C05AC1D82B18CEE800032293 /* FirebaseAnalyticsOnDeviceConversion */; };
		C05AC1DB2B18CEE800032293 /* FirebaseAnalyticsSwift in Frameworks */ = {isa = PBXBuildFile; productRef = C05AC1DA2B18CEE800032293 /* FirebaseAnalyticsSwift */; };
		C05AC1DD2B18CEE800032293 /* FirebaseAnalyticsWithoutAdIdSupport in Frameworks */ = {isa = PBXBuildFile; productRef = C05AC1DC2B18CEE800032293 /* FirebaseAnalyticsWithoutAdIdSupport */; };
		C05AC1DF2B18CEE800032293 /* FirebaseAuth in Frameworks */ = {isa = PBXBuildFile; productRef = C05AC1DE2B18CEE800032293 /* FirebaseAuth */; };
		C05AC1E12B18CEE800032293 /* FirebaseAuthCombine-Community in Frameworks */ = {isa = PBXBuildFile; productRef = C05AC1E02B18CEE800032293 /* FirebaseAuthCombine-Community */; };
		C05AC1E32B18CEE800032293 /* FirebaseDatabase in Frameworks */ = {isa = PBXBuildFile; productRef = C05AC1E22B18CEE800032293 /* FirebaseDatabase */; };
		C05AC1E52B18CEE800032293 /* FirebaseDatabaseSwift in Frameworks */ = {isa = PBXBuildFile; productRef = C05AC1E42B18CEE800032293 /* FirebaseDatabaseSwift */; };
		C05AC1E72B18CEE800032293 /* FirebaseFirestore in Frameworks */ = {isa = PBXBuildFile; productRef = C05AC1E62B18CEE800032293 /* FirebaseFirestore */; };
		C05AC1E92B18CEE800032293 /* FirebaseFirestoreCombine-Community in Frameworks */ = {isa = PBXBuildFile; productRef = C05AC1E82B18CEE800032293 /* FirebaseFirestoreCombine-Community */; };
		C05AC1EB2B18CEE800032293 /* FirebaseFirestoreSwift in Frameworks */ = {isa = PBXBuildFile; productRef = C05AC1EA2B18CEE800032293 /* FirebaseFirestoreSwift */; };
		C05AC1ED2B18CEE800032293 /* FirebaseFunctions in Frameworks */ = {isa = PBXBuildFile; productRef = C05AC1EC2B18CEE800032293 /* FirebaseFunctions */; };
		C05AC1EF2B18CEE800032293 /* FirebaseFunctionsCombine-Community in Frameworks */ = {isa = PBXBuildFile; productRef = C05AC1EE2B18CEE800032293 /* FirebaseFunctionsCombine-Community */; };
		C05AC1F12B18CEE800032293 /* FirebaseStorage in Frameworks */ = {isa = PBXBuildFile; productRef = C05AC1F02B18CEE800032293 /* FirebaseStorage */; };
		C05AC1F32B18CEE800032293 /* FirebaseStorageCombine-Community in Frameworks */ = {isa = PBXBuildFile; productRef = C05AC1F22B18CEE800032293 /* FirebaseStorageCombine-Community */; };
		C05AC1F52B18D0B700032293 /* User.swift in Sources */ = {isa = PBXBuildFile; fileRef = C05AC1F42B18D0B700032293 /* User.swift */; };
		C05AC1F72B18D11300032293 /* FireDBHelper.swift in Sources */ = {isa = PBXBuildFile; fileRef = C05AC1F62B18D11300032293 /* FireDBHelper.swift */; };
		C05AC1F92B18D1EE00032293 /* GoogleService-Info.plist in Resources */ = {isa = PBXBuildFile; fileRef = C05AC1F82B18D1EE00032293 /* GoogleService-Info.plist */; };
		C05AC1FB2B18D34900032293 /* RootView.swift in Sources */ = {isa = PBXBuildFile; fileRef = C05AC1FA2B18D34900032293 /* RootView.swift */; };
		C05AC1FF2B18DDE400032293 /* LaunchView.swift in Sources */ = {isa = PBXBuildFile; fileRef = C05AC1FE2B18DDE400032293 /* LaunchView.swift */; };
		D51181852B1A5B790001F281 /* ZenZoneProjectWatchApp.swift in Sources */ = {isa = PBXBuildFile; fileRef = D51181842B1A5B790001F281 /* ZenZoneProjectWatchApp.swift */; };
		D51181872B1A5B790001F281 /* ContentView.swift in Sources */ = {isa = PBXBuildFile; fileRef = D51181862B1A5B790001F281 /* ContentView.swift */; };
		D51181892B1A5B7C0001F281 /* Assets.xcassets in Resources */ = {isa = PBXBuildFile; fileRef = D51181882B1A5B7C0001F281 /* Assets.xcassets */; };
		D511818C2B1A5B7C0001F281 /* Preview Assets.xcassets in Resources */ = {isa = PBXBuildFile; fileRef = D511818B2B1A5B7C0001F281 /* Preview Assets.xcassets */; };
		D511818F2B1A5B7C0001F281 /* ZenZoneProjectWatch Watch App.app in Embed Watch Content */ = {isa = PBXBuildFile; fileRef = D51181822B1A5B780001F281 /* ZenZoneProjectWatch Watch App.app */; settings = {ATTRIBUTES = (RemoveHeadersOnCopy, ); }; };
		D51181942B1A5B930001F281 /* MeditationSession.json in Resources */ = {isa = PBXBuildFile; fileRef = D5DB8F0D2B12E4C900D9C1C1 /* MeditationSession.json */; };
		D51181952B1A5B9A0001F281 /* MediaPlayer.swift in Sources */ = {isa = PBXBuildFile; fileRef = D5DB8F032B12E41F00D9C1C1 /* MediaPlayer.swift */; };
		D51181962B1A5B9D0001F281 /* MeditationDataLoader.swift in Sources */ = {isa = PBXBuildFile; fileRef = D5DB8F052B12E43A00D9C1C1 /* MeditationDataLoader.swift */; };
		D51181982B1A5BF70001F281 /* SessionView.swift in Sources */ = {isa = PBXBuildFile; fileRef = D51181972B1A5BF70001F281 /* SessionView.swift */; };
		D511819A2B1A5C1F0001F281 /* SessionDetailView.swift in Sources */ = {isa = PBXBuildFile; fileRef = D51181992B1A5C1F0001F281 /* SessionDetailView.swift */; };
		D511819C2B1A5C450001F281 /* AudioPlayerManager.swift in Sources */ = {isa = PBXBuildFile; fileRef = D511819B2B1A5C450001F281 /* AudioPlayerManager.swift */; };
		D511819D2B1A5D4C0001F281 /* SessionView.swift in Sources */ = {isa = PBXBuildFile; fileRef = D51181972B1A5BF70001F281 /* SessionView.swift */; };
		D511819E2B1A5D4F0001F281 /* SessionDetailView.swift in Sources */ = {isa = PBXBuildFile; fileRef = D51181992B1A5C1F0001F281 /* SessionDetailView.swift */; };
		D511819F2B1A5D510001F281 /* AudioPlayerManager.swift in Sources */ = {isa = PBXBuildFile; fileRef = D511819B2B1A5C450001F281 /* AudioPlayerManager.swift */; };
		D51181A02B1A5D5D0001F281 /* MeditationSession.swift in Sources */ = {isa = PBXBuildFile; fileRef = D5DB8F0A2B12E48600D9C1C1 /* MeditationSession.swift */; };
		D51181A12B1CE0150001F281 /* 20MinutesBells.mp3 in Resources */ = {isa = PBXBuildFile; fileRef = D54E8D102B14EBA300C9DD23 /* 20MinutesBells.mp3 */; };
		D51181A22B1CE0150001F281 /* 4MinuteBodyScan.mp3 in Resources */ = {isa = PBXBuildFile; fileRef = D54E8D0E2B14EAA200C9DD23 /* 4MinuteBodyScan.mp3 */; };
		D51181A32B1CE0150001F281 /* BreathSoundBody.mp3 in Resources */ = {isa = PBXBuildFile; fileRef = D54E8D0C2B14EA2C00C9DD23 /* BreathSoundBody.mp3 */; };
		D51181A42B1CE0150001F281 /* 5MinuteJustBells.mp3 in Resources */ = {isa = PBXBuildFile; fileRef = D54E8D042B14E3B500C9DD23 /* 5MinuteJustBells.mp3 */; };
		D51181A52B1CE0150001F281 /* CompassionateBreath.mp3 in Resources */ = {isa = PBXBuildFile; fileRef = D54E8D022B14D4AC00C9DD23 /* CompassionateBreath.mp3 */; };
		D51181A62B1CE0150001F281 /* BriefMeditation.mp3 in Resources */ = {isa = PBXBuildFile; fileRef = D54E8D002B14D24B00C9DD23 /* BriefMeditation.mp3 */; };
		D51181A72B1CE0150001F281 /* SelfGuidedMeditation.mp3 in Resources */ = {isa = PBXBuildFile; fileRef = D5DB8F152B135E0C00D9C1C1 /* SelfGuidedMeditation.mp3 */; };
		D51181A82B1CE0150001F281 /* SittingMeditation.mp3 in Resources */ = {isa = PBXBuildFile; fileRef = D5DB8F132B12F5A400D9C1C1 /* SittingMeditation.mp3 */; };
		D51181A92B1CE0150001F281 /* 20MinuteBodyScan.mp3 in Resources */ = {isa = PBXBuildFile; fileRef = D5DB8F112B12E50300D9C1C1 /* 20MinuteBodyScan.mp3 */; };
		D51181AA2B1CE0150001F281 /* MountainMeditation.mp3 in Resources */ = {isa = PBXBuildFile; fileRef = D5DB8F0F2B12E4E800D9C1C1 /* MountainMeditation.mp3 */; };
		D54E8CF52B14389D00C9DD23 /* ProfilePage.swift in Sources */ = {isa = PBXBuildFile; fileRef = D54E8CF42B14389D00C9DD23 /* ProfilePage.swift */; };
		D54E8CF72B1438B600C9DD23 /* LoginPage.swift in Sources */ = {isa = PBXBuildFile; fileRef = D54E8CF62B1438B600C9DD23 /* LoginPage.swift */; };
		D54E8CF92B14390300C9DD23 /* SignupPage.swift in Sources */ = {isa = PBXBuildFile; fileRef = D54E8CF82B14390300C9DD23 /* SignupPage.swift */; };
		D54E8CFB2B143E0300C9DD23 /* NearbyMeditationSpotsView.swift in Sources */ = {isa = PBXBuildFile; fileRef = D54E8CFA2B143E0300C9DD23 /* NearbyMeditationSpotsView.swift */; };
		D54E8CFD2B143E2600C9DD23 /* LocationManager.swift in Sources */ = {isa = PBXBuildFile; fileRef = D54E8CFC2B143E2600C9DD23 /* LocationManager.swift */; };
		D54E8D012B14D24B00C9DD23 /* BriefMeditation.mp3 in Resources */ = {isa = PBXBuildFile; fileRef = D54E8D002B14D24B00C9DD23 /* BriefMeditation.mp3 */; };
		D54E8D032B14D4AC00C9DD23 /* CompassionateBreath.mp3 in Resources */ = {isa = PBXBuildFile; fileRef = D54E8D022B14D4AC00C9DD23 /* CompassionateBreath.mp3 */; };
		D54E8D052B14E3B500C9DD23 /* 5MinuteJustBells.mp3 in Resources */ = {isa = PBXBuildFile; fileRef = D54E8D042B14E3B500C9DD23 /* 5MinuteJustBells.mp3 */; };
		D54E8D072B14E7C000C9DD23 /* WellnessTrackingView.swift in Sources */ = {isa = PBXBuildFile; fileRef = D54E8D062B14E7BF00C9DD23 /* WellnessTrackingView.swift */; };
		D54E8D092B14E7DE00C9DD23 /* CommunitySpotlightView.swift in Sources */ = {isa = PBXBuildFile; fileRef = D54E8D082B14E7DE00C9DD23 /* CommunitySpotlightView.swift */; };
		D54E8D0B2B14E7F700C9DD23 /* ExploreSpotsView.swift in Sources */ = {isa = PBXBuildFile; fileRef = D54E8D0A2B14E7F700C9DD23 /* ExploreSpotsView.swift */; };
		D54E8D0D2B14EA2C00C9DD23 /* BreathSoundBody.mp3 in Resources */ = {isa = PBXBuildFile; fileRef = D54E8D0C2B14EA2C00C9DD23 /* BreathSoundBody.mp3 */; };
		D54E8D0F2B14EAA200C9DD23 /* 4MinuteBodyScan.mp3 in Resources */ = {isa = PBXBuildFile; fileRef = D54E8D0E2B14EAA200C9DD23 /* 4MinuteBodyScan.mp3 */; };
		D54E8D112B14EBA300C9DD23 /* 20MinutesBells.mp3 in Resources */ = {isa = PBXBuildFile; fileRef = D54E8D102B14EBA300C9DD23 /* 20MinutesBells.mp3 */; };
		D5A1A2012B238C0E00119F67 /* MKMapView.swift in Sources */ = {isa = PBXBuildFile; fileRef = D5A1A2002B238C0E00119F67 /* MKMapView.swift */; };
		D5DB8EEE2B12DD5300D9C1C1 /* ZenZoneProjectApp.swift in Sources */ = {isa = PBXBuildFile; fileRef = D5DB8EED2B12DD5300D9C1C1 /* ZenZoneProjectApp.swift */; };
		D5DB8EF02B12DD5300D9C1C1 /* ContentView.swift in Sources */ = {isa = PBXBuildFile; fileRef = D5DB8EEF2B12DD5300D9C1C1 /* ContentView.swift */; };
		D5DB8EF22B12DD5600D9C1C1 /* Assets.xcassets in Resources */ = {isa = PBXBuildFile; fileRef = D5DB8EF12B12DD5600D9C1C1 /* Assets.xcassets */; };
		D5DB8EF52B12DD5600D9C1C1 /* Preview Assets.xcassets in Resources */ = {isa = PBXBuildFile; fileRef = D5DB8EF42B12DD5600D9C1C1 /* Preview Assets.xcassets */; };
		D5DB8EFD2B12E0E600D9C1C1 /* MeditationSessionDetailView.swift in Sources */ = {isa = PBXBuildFile; fileRef = D5DB8EFC2B12E0E600D9C1C1 /* MeditationSessionDetailView.swift */; };
		D5DB8EFF2B12E0FF00D9C1C1 /* MeditationSessionListView.swift in Sources */ = {isa = PBXBuildFile; fileRef = D5DB8EFE2B12E0FF00D9C1C1 /* MeditationSessionListView.swift */; };
		D5DB8F012B12E10F00D9C1C1 /* HomePage.swift in Sources */ = {isa = PBXBuildFile; fileRef = D5DB8F002B12E10F00D9C1C1 /* HomePage.swift */; };
		D5DB8F042B12E41F00D9C1C1 /* MediaPlayer.swift in Sources */ = {isa = PBXBuildFile; fileRef = D5DB8F032B12E41F00D9C1C1 /* MediaPlayer.swift */; };
		D5DB8F062B12E43A00D9C1C1 /* MeditationDataLoader.swift in Sources */ = {isa = PBXBuildFile; fileRef = D5DB8F052B12E43A00D9C1C1 /* MeditationDataLoader.swift */; };
		D5DB8F0B2B12E48600D9C1C1 /* MeditationSession.swift in Sources */ = {isa = PBXBuildFile; fileRef = D5DB8F0A2B12E48600D9C1C1 /* MeditationSession.swift */; };
		D5DB8F0E2B12E4C900D9C1C1 /* MeditationSession.json in Resources */ = {isa = PBXBuildFile; fileRef = D5DB8F0D2B12E4C900D9C1C1 /* MeditationSession.json */; };
		D5DB8F102B12E4E800D9C1C1 /* MountainMeditation.mp3 in Resources */ = {isa = PBXBuildFile; fileRef = D5DB8F0F2B12E4E800D9C1C1 /* MountainMeditation.mp3 */; };
		D5DB8F122B12E50300D9C1C1 /* 20MinuteBodyScan.mp3 in Resources */ = {isa = PBXBuildFile; fileRef = D5DB8F112B12E50300D9C1C1 /* 20MinuteBodyScan.mp3 */; };
		D5DB8F142B12F5A400D9C1C1 /* SittingMeditation.mp3 in Resources */ = {isa = PBXBuildFile; fileRef = D5DB8F132B12F5A400D9C1C1 /* SittingMeditation.mp3 */; };
		D5DB8F162B135E0C00D9C1C1 /* SelfGuidedMeditation.mp3 in Resources */ = {isa = PBXBuildFile; fileRef = D5DB8F152B135E0C00D9C1C1 /* SelfGuidedMeditation.mp3 */; };
/* End PBXBuildFile section */

/* Begin PBXContainerItemProxy section */
		D511818D2B1A5B7C0001F281 /* PBXContainerItemProxy */ = {
			isa = PBXContainerItemProxy;
			containerPortal = D5DB8EE22B12DD5300D9C1C1 /* Project object */;
			proxyType = 1;
			remoteGlobalIDString = D51181812B1A5B780001F281;
			remoteInfo = "ZenZoneProjectWatch Watch App";
		};
/* End PBXContainerItemProxy section */

/* Begin PBXCopyFilesBuildPhase section */
		D51181932B1A5B7C0001F281 /* Embed Watch Content */ = {
			isa = PBXCopyFilesBuildPhase;
			buildActionMask = 2147483647;
			dstPath = "$(CONTENTS_FOLDER_PATH)/Watch";
			dstSubfolderSpec = 16;
			files = (
				D511818F2B1A5B7C0001F281 /* ZenZoneProjectWatch Watch App.app in Embed Watch Content */,
			);
			name = "Embed Watch Content";
			runOnlyForDeploymentPostprocessing = 0;
		};
/* End PBXCopyFilesBuildPhase section */

/* Begin PBXFileReference section */
		C05AC1F42B18D0B700032293 /* User.swift */ = {isa = PBXFileReference; lastKnownFileType = sourcecode.swift; path = User.swift; sourceTree = "<group>"; };
		C05AC1F62B18D11300032293 /* FireDBHelper.swift */ = {isa = PBXFileReference; lastKnownFileType = sourcecode.swift; path = FireDBHelper.swift; sourceTree = "<group>"; };
		C05AC1F82B18D1EE00032293 /* GoogleService-Info.plist */ = {isa = PBXFileReference; fileEncoding = 4; lastKnownFileType = text.plist.xml; path = "GoogleService-Info.plist"; sourceTree = "<group>"; };
		C05AC1FA2B18D34900032293 /* RootView.swift */ = {isa = PBXFileReference; lastKnownFileType = sourcecode.swift; path = RootView.swift; sourceTree = "<group>"; };
		C05AC1FE2B18DDE400032293 /* LaunchView.swift */ = {isa = PBXFileReference; lastKnownFileType = sourcecode.swift; path = LaunchView.swift; sourceTree = "<group>"; };
		D51181822B1A5B780001F281 /* ZenZoneProjectWatch Watch App.app */ = {isa = PBXFileReference; explicitFileType = wrapper.application; includeInIndex = 0; path = "ZenZoneProjectWatch Watch App.app"; sourceTree = BUILT_PRODUCTS_DIR; };
		D51181842B1A5B790001F281 /* ZenZoneProjectWatchApp.swift */ = {isa = PBXFileReference; lastKnownFileType = sourcecode.swift; path = ZenZoneProjectWatchApp.swift; sourceTree = "<group>"; };
		D51181862B1A5B790001F281 /* ContentView.swift */ = {isa = PBXFileReference; lastKnownFileType = sourcecode.swift; path = ContentView.swift; sourceTree = "<group>"; };
		D51181882B1A5B7C0001F281 /* Assets.xcassets */ = {isa = PBXFileReference; lastKnownFileType = folder.assetcatalog; path = Assets.xcassets; sourceTree = "<group>"; };
		D511818B2B1A5B7C0001F281 /* Preview Assets.xcassets */ = {isa = PBXFileReference; lastKnownFileType = folder.assetcatalog; path = "Preview Assets.xcassets"; sourceTree = "<group>"; };
		D51181972B1A5BF70001F281 /* SessionView.swift */ = {isa = PBXFileReference; lastKnownFileType = sourcecode.swift; path = SessionView.swift; sourceTree = "<group>"; };
		D51181992B1A5C1F0001F281 /* SessionDetailView.swift */ = {isa = PBXFileReference; lastKnownFileType = sourcecode.swift; path = SessionDetailView.swift; sourceTree = "<group>"; };
		D511819B2B1A5C450001F281 /* AudioPlayerManager.swift */ = {isa = PBXFileReference; lastKnownFileType = sourcecode.swift; path = AudioPlayerManager.swift; sourceTree = "<group>"; };
		D54E8CF42B14389D00C9DD23 /* ProfilePage.swift */ = {isa = PBXFileReference; lastKnownFileType = sourcecode.swift; path = ProfilePage.swift; sourceTree = "<group>"; };
		D54E8CF62B1438B600C9DD23 /* LoginPage.swift */ = {isa = PBXFileReference; lastKnownFileType = sourcecode.swift; path = LoginPage.swift; sourceTree = "<group>"; };
		D54E8CF82B14390300C9DD23 /* SignupPage.swift */ = {isa = PBXFileReference; lastKnownFileType = sourcecode.swift; path = SignupPage.swift; sourceTree = "<group>"; };
		D54E8CFA2B143E0300C9DD23 /* NearbyMeditationSpotsView.swift */ = {isa = PBXFileReference; lastKnownFileType = sourcecode.swift; path = NearbyMeditationSpotsView.swift; sourceTree = "<group>"; };
		D54E8CFC2B143E2600C9DD23 /* LocationManager.swift */ = {isa = PBXFileReference; lastKnownFileType = sourcecode.swift; path = LocationManager.swift; sourceTree = "<group>"; };
		D54E8D002B14D24B00C9DD23 /* BriefMeditation.mp3 */ = {isa = PBXFileReference; lastKnownFileType = audio.mp3; path = BriefMeditation.mp3; sourceTree = "<group>"; };
		D54E8D022B14D4AC00C9DD23 /* CompassionateBreath.mp3 */ = {isa = PBXFileReference; lastKnownFileType = audio.mp3; path = CompassionateBreath.mp3; sourceTree = "<group>"; };
		D54E8D042B14E3B500C9DD23 /* 5MinuteJustBells.mp3 */ = {isa = PBXFileReference; lastKnownFileType = audio.mp3; path = 5MinuteJustBells.mp3; sourceTree = "<group>"; };
		D54E8D062B14E7BF00C9DD23 /* WellnessTrackingView.swift */ = {isa = PBXFileReference; lastKnownFileType = sourcecode.swift; path = WellnessTrackingView.swift; sourceTree = "<group>"; };
		D54E8D082B14E7DE00C9DD23 /* CommunitySpotlightView.swift */ = {isa = PBXFileReference; lastKnownFileType = sourcecode.swift; path = CommunitySpotlightView.swift; sourceTree = "<group>"; };
		D54E8D0A2B14E7F700C9DD23 /* ExploreSpotsView.swift */ = {isa = PBXFileReference; lastKnownFileType = sourcecode.swift; path = ExploreSpotsView.swift; sourceTree = "<group>"; };
		D54E8D0C2B14EA2C00C9DD23 /* BreathSoundBody.mp3 */ = {isa = PBXFileReference; lastKnownFileType = audio.mp3; path = BreathSoundBody.mp3; sourceTree = "<group>"; };
		D54E8D0E2B14EAA200C9DD23 /* 4MinuteBodyScan.mp3 */ = {isa = PBXFileReference; lastKnownFileType = audio.mp3; path = 4MinuteBodyScan.mp3; sourceTree = "<group>"; };
		D54E8D102B14EBA300C9DD23 /* 20MinutesBells.mp3 */ = {isa = PBXFileReference; lastKnownFileType = audio.mp3; path = 20MinutesBells.mp3; sourceTree = "<group>"; };
		D5A1A2002B238C0E00119F67 /* MKMapView.swift */ = {isa = PBXFileReference; lastKnownFileType = sourcecode.swift; path = MKMapView.swift; sourceTree = "<group>"; };
		D5DB8EEA2B12DD5300D9C1C1 /* ZenZoneProject.app */ = {isa = PBXFileReference; explicitFileType = wrapper.application; includeInIndex = 0; path = ZenZoneProject.app; sourceTree = BUILT_PRODUCTS_DIR; };
		D5DB8EED2B12DD5300D9C1C1 /* ZenZoneProjectApp.swift */ = {isa = PBXFileReference; lastKnownFileType = sourcecode.swift; path = ZenZoneProjectApp.swift; sourceTree = "<group>"; };
		D5DB8EEF2B12DD5300D9C1C1 /* ContentView.swift */ = {isa = PBXFileReference; lastKnownFileType = sourcecode.swift; path = ContentView.swift; sourceTree = "<group>"; };
		D5DB8EF12B12DD5600D9C1C1 /* Assets.xcassets */ = {isa = PBXFileReference; lastKnownFileType = folder.assetcatalog; path = Assets.xcassets; sourceTree = "<group>"; };
		D5DB8EF42B12DD5600D9C1C1 /* Preview Assets.xcassets */ = {isa = PBXFileReference; lastKnownFileType = folder.assetcatalog; path = "Preview Assets.xcassets"; sourceTree = "<group>"; };
		D5DB8EFC2B12E0E600D9C1C1 /* MeditationSessionDetailView.swift */ = {isa = PBXFileReference; lastKnownFileType = sourcecode.swift; path = MeditationSessionDetailView.swift; sourceTree = "<group>"; };
		D5DB8EFE2B12E0FF00D9C1C1 /* MeditationSessionListView.swift */ = {isa = PBXFileReference; lastKnownFileType = sourcecode.swift; path = MeditationSessionListView.swift; sourceTree = "<group>"; };
		D5DB8F002B12E10F00D9C1C1 /* HomePage.swift */ = {isa = PBXFileReference; lastKnownFileType = sourcecode.swift; path = HomePage.swift; sourceTree = "<group>"; };
		D5DB8F032B12E41F00D9C1C1 /* MediaPlayer.swift */ = {isa = PBXFileReference; lastKnownFileType = sourcecode.swift; path = MediaPlayer.swift; sourceTree = "<group>"; };
		D5DB8F052B12E43A00D9C1C1 /* MeditationDataLoader.swift */ = {isa = PBXFileReference; lastKnownFileType = sourcecode.swift; path = MeditationDataLoader.swift; sourceTree = "<group>"; };
		D5DB8F0A2B12E48600D9C1C1 /* MeditationSession.swift */ = {isa = PBXFileReference; lastKnownFileType = sourcecode.swift; path = MeditationSession.swift; sourceTree = "<group>"; };
		D5DB8F0D2B12E4C900D9C1C1 /* MeditationSession.json */ = {isa = PBXFileReference; lastKnownFileType = text.json; path = MeditationSession.json; sourceTree = "<group>"; };
		D5DB8F0F2B12E4E800D9C1C1 /* MountainMeditation.mp3 */ = {isa = PBXFileReference; lastKnownFileType = audio.mp3; path = MountainMeditation.mp3; sourceTree = "<group>"; };
		D5DB8F112B12E50300D9C1C1 /* 20MinuteBodyScan.mp3 */ = {isa = PBXFileReference; lastKnownFileType = audio.mp3; path = 20MinuteBodyScan.mp3; sourceTree = "<group>"; };
		D5DB8F132B12F5A400D9C1C1 /* SittingMeditation.mp3 */ = {isa = PBXFileReference; lastKnownFileType = audio.mp3; path = SittingMeditation.mp3; sourceTree = "<group>"; };
		D5DB8F152B135E0C00D9C1C1 /* SelfGuidedMeditation.mp3 */ = {isa = PBXFileReference; lastKnownFileType = audio.mp3; path = SelfGuidedMeditation.mp3; sourceTree = "<group>"; };
/* End PBXFileReference section */

/* Begin PBXFrameworksBuildPhase section */
		D511817F2B1A5B780001F281 /* Frameworks */ = {
			isa = PBXFrameworksBuildPhase;
			buildActionMask = 2147483647;
			files = (
			);
			runOnlyForDeploymentPostprocessing = 0;
		};
		D5DB8EE72B12DD5300D9C1C1 /* Frameworks */ = {
			isa = PBXFrameworksBuildPhase;
			buildActionMask = 2147483647;
			files = (
				C05AC1E52B18CEE800032293 /* FirebaseDatabaseSwift in Frameworks */,
				C05AC1DB2B18CEE800032293 /* FirebaseAnalyticsSwift in Frameworks */,
				C05AC1E12B18CEE800032293 /* FirebaseAuthCombine-Community in Frameworks */,
				C05AC1ED2B18CEE800032293 /* FirebaseFunctions in Frameworks */,
				C05AC1E92B18CEE800032293 /* FirebaseFirestoreCombine-Community in Frameworks */,
				C05AC1DF2B18CEE800032293 /* FirebaseAuth in Frameworks */,
				C05AC1EB2B18CEE800032293 /* FirebaseFirestoreSwift in Frameworks */,
				C05AC1F32B18CEE800032293 /* FirebaseStorageCombine-Community in Frameworks */,
				C05AC1D72B18CEE800032293 /* FirebaseAnalytics in Frameworks */,
				C05AC1EF2B18CEE800032293 /* FirebaseFunctionsCombine-Community in Frameworks */,
				C05AC1E72B18CEE800032293 /* FirebaseFirestore in Frameworks */,
				C05AC1D92B18CEE800032293 /* FirebaseAnalyticsOnDeviceConversion in Frameworks */,
				C05AC1F12B18CEE800032293 /* FirebaseStorage in Frameworks */,
				C05AC1E32B18CEE800032293 /* FirebaseDatabase in Frameworks */,
				C05AC1DD2B18CEE800032293 /* FirebaseAnalyticsWithoutAdIdSupport in Frameworks */,
			);
			runOnlyForDeploymentPostprocessing = 0;
		};
/* End PBXFrameworksBuildPhase section */

/* Begin PBXGroup section */
		D51181832B1A5B790001F281 /* ZenZoneProjectWatch Watch App */ = {
			isa = PBXGroup;
			children = (
				D51181842B1A5B790001F281 /* ZenZoneProjectWatchApp.swift */,
				D51181862B1A5B790001F281 /* ContentView.swift */,
				D51181882B1A5B7C0001F281 /* Assets.xcassets */,
				D511818A2B1A5B7C0001F281 /* Preview Content */,
				D51181972B1A5BF70001F281 /* SessionView.swift */,
				D51181992B1A5C1F0001F281 /* SessionDetailView.swift */,
				D511819B2B1A5C450001F281 /* AudioPlayerManager.swift */,
			);
			path = "ZenZoneProjectWatch Watch App";
			sourceTree = "<group>";
		};
		D511818A2B1A5B7C0001F281 /* Preview Content */ = {
			isa = PBXGroup;
			children = (
				D511818B2B1A5B7C0001F281 /* Preview Assets.xcassets */,
			);
			path = "Preview Content";
			sourceTree = "<group>";
		};
		D5DB8EE12B12DD5300D9C1C1 = {
			isa = PBXGroup;
			children = (
				D5DB8EEC2B12DD5300D9C1C1 /* ZenZoneProject */,
				D51181832B1A5B790001F281 /* ZenZoneProjectWatch Watch App */,
				D5DB8EEB2B12DD5300D9C1C1 /* Products */,
			);
			sourceTree = "<group>";
		};
		D5DB8EEB2B12DD5300D9C1C1 /* Products */ = {
			isa = PBXGroup;
			children = (
				D5DB8EEA2B12DD5300D9C1C1 /* ZenZoneProject.app */,
				D51181822B1A5B780001F281 /* ZenZoneProjectWatch Watch App.app */,
			);
			name = Products;
			sourceTree = "<group>";
		};
		D5DB8EEC2B12DD5300D9C1C1 /* ZenZoneProject */ = {
			isa = PBXGroup;
			children = (
				C05AC1F82B18D1EE00032293 /* GoogleService-Info.plist */,
				D5DB8F0C2B12E4AD00D9C1C1 /* Data */,
				D5DB8F092B12E46F00D9C1C1 /* Models */,
				D5DB8F082B12E45D00D9C1C1 /* Resources */,
				D5DB8F022B12E40F00D9C1C1 /* Services */,
				D5DB8EFB2B12E0CB00D9C1C1 /* Views */,
				D5DB8EED2B12DD5300D9C1C1 /* ZenZoneProjectApp.swift */,
				D5DB8EEF2B12DD5300D9C1C1 /* ContentView.swift */,
				D5DB8EF12B12DD5600D9C1C1 /* Assets.xcassets */,
				D5DB8EF32B12DD5600D9C1C1 /* Preview Content */,
			);
			path = ZenZoneProject;
			sourceTree = "<group>";
		};
		D5DB8EF32B12DD5600D9C1C1 /* Preview Content */ = {
			isa = PBXGroup;
			children = (
				D5DB8EF42B12DD5600D9C1C1 /* Preview Assets.xcassets */,
			);
			path = "Preview Content";
			sourceTree = "<group>";
		};
		D5DB8EFB2B12E0CB00D9C1C1 /* Views */ = {
			isa = PBXGroup;
			children = (
				D5DB8EFC2B12E0E600D9C1C1 /* MeditationSessionDetailView.swift */,
				D5DB8EFE2B12E0FF00D9C1C1 /* MeditationSessionListView.swift */,
				D5DB8F002B12E10F00D9C1C1 /* HomePage.swift */,
				D54E8CF42B14389D00C9DD23 /* ProfilePage.swift */,
				D54E8CF62B1438B600C9DD23 /* LoginPage.swift */,
				D54E8CF82B14390300C9DD23 /* SignupPage.swift */,
				D54E8CFA2B143E0300C9DD23 /* NearbyMeditationSpotsView.swift */,
				D54E8D062B14E7BF00C9DD23 /* WellnessTrackingView.swift */,
				D54E8D082B14E7DE00C9DD23 /* CommunitySpotlightView.swift */,
				D54E8D0A2B14E7F700C9DD23 /* ExploreSpotsView.swift */,
				C05AC1FA2B18D34900032293 /* RootView.swift */,
				C05AC1FE2B18DDE400032293 /* LaunchView.swift */,
				D5A1A2002B238C0E00119F67 /* MKMapView.swift */,
			);
			path = Views;
			sourceTree = "<group>";
		};
		D5DB8F022B12E40F00D9C1C1 /* Services */ = {
			isa = PBXGroup;
			children = (
				D5DB8F032B12E41F00D9C1C1 /* MediaPlayer.swift */,
				D5DB8F052B12E43A00D9C1C1 /* MeditationDataLoader.swift */,
				D54E8CFC2B143E2600C9DD23 /* LocationManager.swift */,
				C05AC1F62B18D11300032293 /* FireDBHelper.swift */,
			);
			path = Services;
			sourceTree = "<group>";
		};
		D5DB8F082B12E45D00D9C1C1 /* Resources */ = {
			isa = PBXGroup;
			children = (
				D54E8D102B14EBA300C9DD23 /* 20MinutesBells.mp3 */,
				D54E8D0E2B14EAA200C9DD23 /* 4MinuteBodyScan.mp3 */,
				D54E8D0C2B14EA2C00C9DD23 /* BreathSoundBody.mp3 */,
				D54E8D042B14E3B500C9DD23 /* 5MinuteJustBells.mp3 */,
				D54E8D022B14D4AC00C9DD23 /* CompassionateBreath.mp3 */,
				D54E8D002B14D24B00C9DD23 /* BriefMeditation.mp3 */,
				D5DB8F152B135E0C00D9C1C1 /* SelfGuidedMeditation.mp3 */,
				D5DB8F132B12F5A400D9C1C1 /* SittingMeditation.mp3 */,
				D5DB8F112B12E50300D9C1C1 /* 20MinuteBodyScan.mp3 */,
				D5DB8F0F2B12E4E800D9C1C1 /* MountainMeditation.mp3 */,
			);
			path = Resources;
			sourceTree = "<group>";
		};
		D5DB8F092B12E46F00D9C1C1 /* Models */ = {
			isa = PBXGroup;
			children = (
				D5DB8F0A2B12E48600D9C1C1 /* MeditationSession.swift */,
				C05AC1F42B18D0B700032293 /* User.swift */,
			);
			path = Models;
			sourceTree = "<group>";
		};
		D5DB8F0C2B12E4AD00D9C1C1 /* Data */ = {
			isa = PBXGroup;
			children = (
				D5DB8F0D2B12E4C900D9C1C1 /* MeditationSession.json */,
			);
			path = Data;
			sourceTree = "<group>";
		};
/* End PBXGroup section */

/* Begin PBXNativeTarget section */
		D51181812B1A5B780001F281 /* ZenZoneProjectWatch Watch App */ = {
			isa = PBXNativeTarget;
			buildConfigurationList = D51181902B1A5B7C0001F281 /* Build configuration list for PBXNativeTarget "ZenZoneProjectWatch Watch App" */;
			buildPhases = (
				D511817E2B1A5B780001F281 /* Sources */,
				D511817F2B1A5B780001F281 /* Frameworks */,
				D51181802B1A5B780001F281 /* Resources */,
			);
			buildRules = (
			);
			dependencies = (
			);
			name = "ZenZoneProjectWatch Watch App";
			productName = "ZenZoneProjectWatch Watch App";
			productReference = D51181822B1A5B780001F281 /* ZenZoneProjectWatch Watch App.app */;
			productType = "com.apple.product-type.application";
		};
		D5DB8EE92B12DD5300D9C1C1 /* ZenZoneProject */ = {
			isa = PBXNativeTarget;
			buildConfigurationList = D5DB8EF82B12DD5600D9C1C1 /* Build configuration list for PBXNativeTarget "ZenZoneProject" */;
			buildPhases = (
				D5DB8EE62B12DD5300D9C1C1 /* Sources */,
				D5DB8EE72B12DD5300D9C1C1 /* Frameworks */,
				D5DB8EE82B12DD5300D9C1C1 /* Resources */,
				D51181932B1A5B7C0001F281 /* Embed Watch Content */,
			);
			buildRules = (
			);
			dependencies = (
				D511818E2B1A5B7C0001F281 /* PBXTargetDependency */,
			);
			name = ZenZoneProject;
			packageProductDependencies = (
				C05AC1D62B18CEE800032293 /* FirebaseAnalytics */,
				C05AC1D82B18CEE800032293 /* FirebaseAnalyticsOnDeviceConversion */,
				C05AC1DA2B18CEE800032293 /* FirebaseAnalyticsSwift */,
				C05AC1DC2B18CEE800032293 /* FirebaseAnalyticsWithoutAdIdSupport */,
				C05AC1DE2B18CEE800032293 /* FirebaseAuth */,
				C05AC1E02B18CEE800032293 /* FirebaseAuthCombine-Community */,
				C05AC1E22B18CEE800032293 /* FirebaseDatabase */,
				C05AC1E42B18CEE800032293 /* FirebaseDatabaseSwift */,
				C05AC1E62B18CEE800032293 /* FirebaseFirestore */,
				C05AC1E82B18CEE800032293 /* FirebaseFirestoreCombine-Community */,
				C05AC1EA2B18CEE800032293 /* FirebaseFirestoreSwift */,
				C05AC1EC2B18CEE800032293 /* FirebaseFunctions */,
				C05AC1EE2B18CEE800032293 /* FirebaseFunctionsCombine-Community */,
				C05AC1F02B18CEE800032293 /* FirebaseStorage */,
				C05AC1F22B18CEE800032293 /* FirebaseStorageCombine-Community */,
			);
			productName = ZenZoneProject;
			productReference = D5DB8EEA2B12DD5300D9C1C1 /* ZenZoneProject.app */;
			productType = "com.apple.product-type.application";
		};
/* End PBXNativeTarget section */

/* Begin PBXProject section */
		D5DB8EE22B12DD5300D9C1C1 /* Project object */ = {
			isa = PBXProject;
			attributes = {
				BuildIndependentTargetsInParallel = 1;
				LastSwiftUpdateCheck = 1500;
				LastUpgradeCheck = 1500;
				TargetAttributes = {
					D51181812B1A5B780001F281 = {
						CreatedOnToolsVersion = 15.0.1;
					};
					D5DB8EE92B12DD5300D9C1C1 = {
						CreatedOnToolsVersion = 15.0.1;
					};
				};
			};
			buildConfigurationList = D5DB8EE52B12DD5300D9C1C1 /* Build configuration list for PBXProject "ZenZoneProject" */;
			compatibilityVersion = "Xcode 14.0";
			developmentRegion = en;
			hasScannedForEncodings = 0;
			knownRegions = (
				en,
				Base,
			);
			mainGroup = D5DB8EE12B12DD5300D9C1C1;
			packageReferences = (
				C05AC1D52B18CEE800032293 /* XCRemoteSwiftPackageReference "firebase-ios-sdk" */,
			);
			productRefGroup = D5DB8EEB2B12DD5300D9C1C1 /* Products */;
			projectDirPath = "";
			projectRoot = "";
			targets = (
				D5DB8EE92B12DD5300D9C1C1 /* ZenZoneProject */,
				D51181812B1A5B780001F281 /* ZenZoneProjectWatch Watch App */,
			);
		};
/* End PBXProject section */

/* Begin PBXResourcesBuildPhase section */
		D51181802B1A5B780001F281 /* Resources */ = {
			isa = PBXResourcesBuildPhase;
			buildActionMask = 2147483647;
			files = (
				D51181A12B1CE0150001F281 /* 20MinutesBells.mp3 in Resources */,
				D51181A22B1CE0150001F281 /* 4MinuteBodyScan.mp3 in Resources */,
				D51181A32B1CE0150001F281 /* BreathSoundBody.mp3 in Resources */,
				D51181A42B1CE0150001F281 /* 5MinuteJustBells.mp3 in Resources */,
				D51181A52B1CE0150001F281 /* CompassionateBreath.mp3 in Resources */,
				D51181A62B1CE0150001F281 /* BriefMeditation.mp3 in Resources */,
				D51181A72B1CE0150001F281 /* SelfGuidedMeditation.mp3 in Resources */,
				D51181A82B1CE0150001F281 /* SittingMeditation.mp3 in Resources */,
				D51181A92B1CE0150001F281 /* 20MinuteBodyScan.mp3 in Resources */,
				D51181AA2B1CE0150001F281 /* MountainMeditation.mp3 in Resources */,
				D51181942B1A5B930001F281 /* MeditationSession.json in Resources */,
				D511818C2B1A5B7C0001F281 /* Preview Assets.xcassets in Resources */,
				D51181892B1A5B7C0001F281 /* Assets.xcassets in Resources */,
			);
			runOnlyForDeploymentPostprocessing = 0;
		};
		D5DB8EE82B12DD5300D9C1C1 /* Resources */ = {
			isa = PBXResourcesBuildPhase;
			buildActionMask = 2147483647;
			files = (
				D5DB8F0E2B12E4C900D9C1C1 /* MeditationSession.json in Resources */,
				D5DB8F142B12F5A400D9C1C1 /* SittingMeditation.mp3 in Resources */,
				D5DB8F122B12E50300D9C1C1 /* 20MinuteBodyScan.mp3 in Resources */,
				C05AC1F92B18D1EE00032293 /* GoogleService-Info.plist in Resources */,
				D5DB8F162B135E0C00D9C1C1 /* SelfGuidedMeditation.mp3 in Resources */,
				D54E8D112B14EBA300C9DD23 /* 20MinutesBells.mp3 in Resources */,
				D5DB8F102B12E4E800D9C1C1 /* MountainMeditation.mp3 in Resources */,
				D54E8D052B14E3B500C9DD23 /* 5MinuteJustBells.mp3 in Resources */,
				D54E8D0F2B14EAA200C9DD23 /* 4MinuteBodyScan.mp3 in Resources */,
				D5DB8EF52B12DD5600D9C1C1 /* Preview Assets.xcassets in Resources */,
				D5DB8EF22B12DD5600D9C1C1 /* Assets.xcassets in Resources */,
				D54E8D032B14D4AC00C9DD23 /* CompassionateBreath.mp3 in Resources */,
				D54E8D0D2B14EA2C00C9DD23 /* BreathSoundBody.mp3 in Resources */,
				D54E8D012B14D24B00C9DD23 /* BriefMeditation.mp3 in Resources */,
			);
			runOnlyForDeploymentPostprocessing = 0;
		};
/* End PBXResourcesBuildPhase section */

/* Begin PBXSourcesBuildPhase section */
		D511817E2B1A5B780001F281 /* Sources */ = {
			isa = PBXSourcesBuildPhase;
			buildActionMask = 2147483647;
			files = (
				D51181962B1A5B9D0001F281 /* MeditationDataLoader.swift in Sources */,
				D51181982B1A5BF70001F281 /* SessionView.swift in Sources */,
				D51181872B1A5B790001F281 /* ContentView.swift in Sources */,
				D51181852B1A5B790001F281 /* ZenZoneProjectWatchApp.swift in Sources */,
				D51181A02B1A5D5D0001F281 /* MeditationSession.swift in Sources */,
				D511819A2B1A5C1F0001F281 /* SessionDetailView.swift in Sources */,
				D511819C2B1A5C450001F281 /* AudioPlayerManager.swift in Sources */,
				D51181952B1A5B9A0001F281 /* MediaPlayer.swift in Sources */,
			);
			runOnlyForDeploymentPostprocessing = 0;
		};
		D5DB8EE62B12DD5300D9C1C1 /* Sources */ = {
			isa = PBXSourcesBuildPhase;
			buildActionMask = 2147483647;
			files = (
				D54E8CF52B14389D00C9DD23 /* ProfilePage.swift in Sources */,
				C05AC1FF2B18DDE400032293 /* LaunchView.swift in Sources */,
				D5DB8F012B12E10F00D9C1C1 /* HomePage.swift in Sources */,
				D5A1A2012B238C0E00119F67 /* MKMapView.swift in Sources */,
				D54E8D072B14E7C000C9DD23 /* WellnessTrackingView.swift in Sources */,
				D5DB8EFD2B12E0E600D9C1C1 /* MeditationSessionDetailView.swift in Sources */,
				D54E8D0B2B14E7F700C9DD23 /* ExploreSpotsView.swift in Sources */,
				D5DB8F062B12E43A00D9C1C1 /* MeditationDataLoader.swift in Sources */,
				D511819D2B1A5D4C0001F281 /* SessionView.swift in Sources */,
				D511819E2B1A5D4F0001F281 /* SessionDetailView.swift in Sources */,
				C05AC1FB2B18D34900032293 /* RootView.swift in Sources */,
				D511819F2B1A5D510001F281 /* AudioPlayerManager.swift in Sources */,
				D5DB8EF02B12DD5300D9C1C1 /* ContentView.swift in Sources */,
				C05AC1F72B18D11300032293 /* FireDBHelper.swift in Sources */,
				C05AC1F52B18D0B700032293 /* User.swift in Sources */,
				D54E8CFB2B143E0300C9DD23 /* NearbyMeditationSpotsView.swift in Sources */,
				D54E8CF92B14390300C9DD23 /* SignupPage.swift in Sources */,
				D5DB8F0B2B12E48600D9C1C1 /* MeditationSession.swift in Sources */,
				D54E8D092B14E7DE00C9DD23 /* CommunitySpotlightView.swift in Sources */,
				D5DB8EEE2B12DD5300D9C1C1 /* ZenZoneProjectApp.swift in Sources */,
				D5DB8EFF2B12E0FF00D9C1C1 /* MeditationSessionListView.swift in Sources */,
				D54E8CF72B1438B600C9DD23 /* LoginPage.swift in Sources */,
				D5DB8F042B12E41F00D9C1C1 /* MediaPlayer.swift in Sources */,
				D54E8CFD2B143E2600C9DD23 /* LocationManager.swift in Sources */,
			);
			runOnlyForDeploymentPostprocessing = 0;
		};
/* End PBXSourcesBuildPhase section */

/* Begin PBXTargetDependency section */
		D511818E2B1A5B7C0001F281 /* PBXTargetDependency */ = {
			isa = PBXTargetDependency;
			target = D51181812B1A5B780001F281 /* ZenZoneProjectWatch Watch App */;
			targetProxy = D511818D2B1A5B7C0001F281 /* PBXContainerItemProxy */;
		};
/* End PBXTargetDependency section */

/* Begin XCBuildConfiguration section */
		D51181912B1A5B7C0001F281 /* Debug */ = {
			isa = XCBuildConfiguration;
			buildSettings = {
				ASSETCATALOG_COMPILER_APPICON_NAME = AppIcon;
				ASSETCATALOG_COMPILER_GLOBAL_ACCENT_COLOR_NAME = AccentColor;
				CODE_SIGN_STYLE = Automatic;
				CURRENT_PROJECT_VERSION = 1;
				DEVELOPMENT_ASSET_PATHS = "\"ZenZoneProjectWatch Watch App/Preview Content\"";
				DEVELOPMENT_TEAM = C26735D5VT;
				ENABLE_PREVIEWS = YES;
				GENERATE_INFOPLIST_FILE = YES;
				INFOPLIST_KEY_CFBundleDisplayName = ZenZoneProjectWatch;
				INFOPLIST_KEY_UISupportedInterfaceOrientations = "UIInterfaceOrientationPortrait UIInterfaceOrientationPortraitUpsideDown";
				INFOPLIST_KEY_WKCompanionAppBundleIdentifier = com.fb.ZenZoneProject1;
				LD_RUNPATH_SEARCH_PATHS = (
					"$(inherited)",
					"@executable_path/Frameworks",
				);
				MARKETING_VERSION = 1.0;
				PRODUCT_BUNDLE_IDENTIFIER = com.fb.ZenZoneProject1.watchkitapp;
				PRODUCT_NAME = "$(TARGET_NAME)";
				SDKROOT = watchos;
				SKIP_INSTALL = YES;
				SWIFT_EMIT_LOC_STRINGS = YES;
				SWIFT_VERSION = 5.0;
				TARGETED_DEVICE_FAMILY = 4;
				WATCHOS_DEPLOYMENT_TARGET = 10.0;
			};
			name = Debug;
		};
		D51181922B1A5B7C0001F281 /* Release */ = {
			isa = XCBuildConfiguration;
			buildSettings = {
				ASSETCATALOG_COMPILER_APPICON_NAME = AppIcon;
				ASSETCATALOG_COMPILER_GLOBAL_ACCENT_COLOR_NAME = AccentColor;
				CODE_SIGN_STYLE = Automatic;
				CURRENT_PROJECT_VERSION = 1;
				DEVELOPMENT_ASSET_PATHS = "\"ZenZoneProjectWatch Watch App/Preview Content\"";
				DEVELOPMENT_TEAM = C26735D5VT;
				ENABLE_PREVIEWS = YES;
				GENERATE_INFOPLIST_FILE = YES;
				INFOPLIST_KEY_CFBundleDisplayName = ZenZoneProjectWatch;
				INFOPLIST_KEY_UISupportedInterfaceOrientations = "UIInterfaceOrientationPortrait UIInterfaceOrientationPortraitUpsideDown";
				INFOPLIST_KEY_WKCompanionAppBundleIdentifier = com.fb.ZenZoneProject1;
				LD_RUNPATH_SEARCH_PATHS = (
					"$(inherited)",
					"@executable_path/Frameworks",
				);
				MARKETING_VERSION = 1.0;
				PRODUCT_BUNDLE_IDENTIFIER = com.fb.ZenZoneProject1.watchkitapp;
				PRODUCT_NAME = "$(TARGET_NAME)";
				SDKROOT = watchos;
				SKIP_INSTALL = YES;
				SWIFT_EMIT_LOC_STRINGS = YES;
				SWIFT_VERSION = 5.0;
				TARGETED_DEVICE_FAMILY = 4;
				WATCHOS_DEPLOYMENT_TARGET = 10.0;
			};
			name = Release;
		};
		D5DB8EF62B12DD5600D9C1C1 /* Debug */ = {
			isa = XCBuildConfiguration;
			buildSettings = {
				ALWAYS_SEARCH_USER_PATHS = NO;
				ASSETCATALOG_COMPILER_GENERATE_SWIFT_ASSET_SYMBOL_EXTENSIONS = YES;
				CLANG_ANALYZER_NONNULL = YES;
				CLANG_ANALYZER_NUMBER_OBJECT_CONVERSION = YES_AGGRESSIVE;
				CLANG_CXX_LANGUAGE_STANDARD = "gnu++20";
				CLANG_ENABLE_MODULES = YES;
				CLANG_ENABLE_OBJC_ARC = YES;
				CLANG_ENABLE_OBJC_WEAK = YES;
				CLANG_WARN_BLOCK_CAPTURE_AUTORELEASING = YES;
				CLANG_WARN_BOOL_CONVERSION = YES;
				CLANG_WARN_COMMA = YES;
				CLANG_WARN_CONSTANT_CONVERSION = YES;
				CLANG_WARN_DEPRECATED_OBJC_IMPLEMENTATIONS = YES;
				CLANG_WARN_DIRECT_OBJC_ISA_USAGE = YES_ERROR;
				CLANG_WARN_DOCUMENTATION_COMMENTS = YES;
				CLANG_WARN_EMPTY_BODY = YES;
				CLANG_WARN_ENUM_CONVERSION = YES;
				CLANG_WARN_INFINITE_RECURSION = YES;
				CLANG_WARN_INT_CONVERSION = YES;
				CLANG_WARN_NON_LITERAL_NULL_CONVERSION = YES;
				CLANG_WARN_OBJC_IMPLICIT_RETAIN_SELF = YES;
				CLANG_WARN_OBJC_LITERAL_CONVERSION = YES;
				CLANG_WARN_OBJC_ROOT_CLASS = YES_ERROR;
				CLANG_WARN_QUOTED_INCLUDE_IN_FRAMEWORK_HEADER = YES;
				CLANG_WARN_RANGE_LOOP_ANALYSIS = YES;
				CLANG_WARN_STRICT_PROTOTYPES = YES;
				CLANG_WARN_SUSPICIOUS_MOVE = YES;
				CLANG_WARN_UNGUARDED_AVAILABILITY = YES_AGGRESSIVE;
				CLANG_WARN_UNREACHABLE_CODE = YES;
				CLANG_WARN__DUPLICATE_METHOD_MATCH = YES;
				COPY_PHASE_STRIP = NO;
				DEBUG_INFORMATION_FORMAT = dwarf;
				ENABLE_STRICT_OBJC_MSGSEND = YES;
				ENABLE_TESTABILITY = YES;
				ENABLE_USER_SCRIPT_SANDBOXING = YES;
				GCC_C_LANGUAGE_STANDARD = gnu17;
				GCC_DYNAMIC_NO_PIC = NO;
				GCC_NO_COMMON_BLOCKS = YES;
				GCC_OPTIMIZATION_LEVEL = 0;
				GCC_PREPROCESSOR_DEFINITIONS = (
					"DEBUG=1",
					"$(inherited)",
				);
				GCC_WARN_64_TO_32_BIT_CONVERSION = YES;
				GCC_WARN_ABOUT_RETURN_TYPE = YES_ERROR;
				GCC_WARN_UNDECLARED_SELECTOR = YES;
				GCC_WARN_UNINITIALIZED_AUTOS = YES_AGGRESSIVE;
				GCC_WARN_UNUSED_FUNCTION = YES;
				GCC_WARN_UNUSED_VARIABLE = YES;
				IPHONEOS_DEPLOYMENT_TARGET = 17.0;
				LOCALIZATION_PREFERS_STRING_CATALOGS = YES;
				MTL_ENABLE_DEBUG_INFO = INCLUDE_SOURCE;
				MTL_FAST_MATH = YES;
				ONLY_ACTIVE_ARCH = YES;
				SDKROOT = iphoneos;
				SWIFT_ACTIVE_COMPILATION_CONDITIONS = "DEBUG $(inherited)";
				SWIFT_OPTIMIZATION_LEVEL = "-Onone";
			};
			name = Debug;
		};
		D5DB8EF72B12DD5600D9C1C1 /* Release */ = {
			isa = XCBuildConfiguration;
			buildSettings = {
				ALWAYS_SEARCH_USER_PATHS = NO;
				ASSETCATALOG_COMPILER_GENERATE_SWIFT_ASSET_SYMBOL_EXTENSIONS = YES;
				CLANG_ANALYZER_NONNULL = YES;
				CLANG_ANALYZER_NUMBER_OBJECT_CONVERSION = YES_AGGRESSIVE;
				CLANG_CXX_LANGUAGE_STANDARD = "gnu++20";
				CLANG_ENABLE_MODULES = YES;
				CLANG_ENABLE_OBJC_ARC = YES;
				CLANG_ENABLE_OBJC_WEAK = YES;
				CLANG_WARN_BLOCK_CAPTURE_AUTORELEASING = YES;
				CLANG_WARN_BOOL_CONVERSION = YES;
				CLANG_WARN_COMMA = YES;
				CLANG_WARN_CONSTANT_CONVERSION = YES;
				CLANG_WARN_DEPRECATED_OBJC_IMPLEMENTATIONS = YES;
				CLANG_WARN_DIRECT_OBJC_ISA_USAGE = YES_ERROR;
				CLANG_WARN_DOCUMENTATION_COMMENTS = YES;
				CLANG_WARN_EMPTY_BODY = YES;
				CLANG_WARN_ENUM_CONVERSION = YES;
				CLANG_WARN_INFINITE_RECURSION = YES;
				CLANG_WARN_INT_CONVERSION = YES;
				CLANG_WARN_NON_LITERAL_NULL_CONVERSION = YES;
				CLANG_WARN_OBJC_IMPLICIT_RETAIN_SELF = YES;
				CLANG_WARN_OBJC_LITERAL_CONVERSION = YES;
				CLANG_WARN_OBJC_ROOT_CLASS = YES_ERROR;
				CLANG_WARN_QUOTED_INCLUDE_IN_FRAMEWORK_HEADER = YES;
				CLANG_WARN_RANGE_LOOP_ANALYSIS = YES;
				CLANG_WARN_STRICT_PROTOTYPES = YES;
				CLANG_WARN_SUSPICIOUS_MOVE = YES;
				CLANG_WARN_UNGUARDED_AVAILABILITY = YES_AGGRESSIVE;
				CLANG_WARN_UNREACHABLE_CODE = YES;
				CLANG_WARN__DUPLICATE_METHOD_MATCH = YES;
				COPY_PHASE_STRIP = NO;
				DEBUG_INFORMATION_FORMAT = "dwarf-with-dsym";
				ENABLE_NS_ASSERTIONS = NO;
				ENABLE_STRICT_OBJC_MSGSEND = YES;
				ENABLE_USER_SCRIPT_SANDBOXING = YES;
				GCC_C_LANGUAGE_STANDARD = gnu17;
				GCC_NO_COMMON_BLOCKS = YES;
				GCC_WARN_64_TO_32_BIT_CONVERSION = YES;
				GCC_WARN_ABOUT_RETURN_TYPE = YES_ERROR;
				GCC_WARN_UNDECLARED_SELECTOR = YES;
				GCC_WARN_UNINITIALIZED_AUTOS = YES_AGGRESSIVE;
				GCC_WARN_UNUSED_FUNCTION = YES;
				GCC_WARN_UNUSED_VARIABLE = YES;
				IPHONEOS_DEPLOYMENT_TARGET = 17.0;
				LOCALIZATION_PREFERS_STRING_CATALOGS = YES;
				MTL_ENABLE_DEBUG_INFO = NO;
				MTL_FAST_MATH = YES;
				SDKROOT = iphoneos;
				SWIFT_COMPILATION_MODE = wholemodule;
				VALIDATE_PRODUCT = YES;
			};
			name = Release;
		};
		D5DB8EF92B12DD5600D9C1C1 /* Debug */ = {
			isa = XCBuildConfiguration;
			buildSettings = {
				ALWAYS_EMBED_SWIFT_STANDARD_LIBRARIES = YES;
				ASSETCATALOG_COMPILER_APPICON_NAME = AppIcon;
				ASSETCATALOG_COMPILER_GLOBAL_ACCENT_COLOR_NAME = AccentColor;
				CODE_SIGN_STYLE = Automatic;
				CURRENT_PROJECT_VERSION = 1;
				DEVELOPMENT_ASSET_PATHS = "\"ZenZoneProject/Preview Content\"";
				DEVELOPMENT_TEAM = C26735D5VT;
				ENABLE_PREVIEWS = YES;
				GENERATE_INFOPLIST_FILE = YES;
				INFOPLIST_KEY_NSLocationAlwaysUsageDescription = "This app requires location services to find serene spots near you.";
				INFOPLIST_KEY_NSLocationWhenInUseUsageDescription = "This app requires location services to find serene spots near you.";
				INFOPLIST_KEY_NSMicrophoneUsageDescription = "This app requires microphone access to record your meditation sessions.";
				INFOPLIST_KEY_UIApplicationSceneManifest_Generation = YES;
				INFOPLIST_KEY_UIApplicationSupportsIndirectInputEvents = YES;
				INFOPLIST_KEY_UILaunchScreen_Generation = YES;
				INFOPLIST_KEY_UISupportedInterfaceOrientations_iPad = "UIInterfaceOrientationPortrait UIInterfaceOrientationPortraitUpsideDown UIInterfaceOrientationLandscapeLeft UIInterfaceOrientationLandscapeRight";
				INFOPLIST_KEY_UISupportedInterfaceOrientations_iPhone = "UIInterfaceOrientationPortrait UIInterfaceOrientationLandscapeLeft UIInterfaceOrientationLandscapeRight";
				IPHONEOS_DEPLOYMENT_TARGET = 16.4;
				LD_RUNPATH_SEARCH_PATHS = (
					"$(inherited)",
					"@executable_path/Frameworks",
				);
				MARKETING_VERSION = 1.0;
				PRODUCT_BUNDLE_IDENTIFIER = com.fb.ZenZoneProject1;
				PRODUCT_NAME = "$(TARGET_NAME)";
				SWIFT_EMIT_LOC_STRINGS = YES;
				SWIFT_VERSION = 5.0;
				TARGETED_DEVICE_FAMILY = "1,2";
			};
			name = Debug;
		};
		D5DB8EFA2B12DD5600D9C1C1 /* Release */ = {
			isa = XCBuildConfiguration;
			buildSettings = {
				ALWAYS_EMBED_SWIFT_STANDARD_LIBRARIES = YES;
				ASSETCATALOG_COMPILER_APPICON_NAME = AppIcon;
				ASSETCATALOG_COMPILER_GLOBAL_ACCENT_COLOR_NAME = AccentColor;
				CODE_SIGN_STYLE = Automatic;
				CURRENT_PROJECT_VERSION = 1;
				DEVELOPMENT_ASSET_PATHS = "\"ZenZoneProject/Preview Content\"";
				DEVELOPMENT_TEAM = C26735D5VT;
				ENABLE_PREVIEWS = YES;
				GENERATE_INFOPLIST_FILE = YES;
				INFOPLIST_KEY_NSLocationAlwaysUsageDescription = "This app requires location services to find serene spots near you.";
				INFOPLIST_KEY_NSLocationWhenInUseUsageDescription = "This app requires location services to find serene spots near you.";
				INFOPLIST_KEY_NSMicrophoneUsageDescription = "This app requires microphone access to record your meditation sessions.";
				INFOPLIST_KEY_UIApplicationSceneManifest_Generation = YES;
				INFOPLIST_KEY_UIApplicationSupportsIndirectInputEvents = YES;
				INFOPLIST_KEY_UILaunchScreen_Generation = YES;
				INFOPLIST_KEY_UISupportedInterfaceOrientations_iPad = "UIInterfaceOrientationPortrait UIInterfaceOrientationPortraitUpsideDown UIInterfaceOrientationLandscapeLeft UIInterfaceOrientationLandscapeRight";
				INFOPLIST_KEY_UISupportedInterfaceOrientations_iPhone = "UIInterfaceOrientationPortrait UIInterfaceOrientationLandscapeLeft UIInterfaceOrientationLandscapeRight";
				IPHONEOS_DEPLOYMENT_TARGET = 16.4;
				LD_RUNPATH_SEARCH_PATHS = (
					"$(inherited)",
					"@executable_path/Frameworks",
				);
				MARKETING_VERSION = 1.0;
				PRODUCT_BUNDLE_IDENTIFIER = com.fb.ZenZoneProject1;
				PRODUCT_NAME = "$(TARGET_NAME)";
				SWIFT_EMIT_LOC_STRINGS = YES;
				SWIFT_VERSION = 5.0;
				TARGETED_DEVICE_FAMILY = "1,2";
			};
			name = Release;
		};
/* End XCBuildConfiguration section */

/* Begin XCConfigurationList section */
		D51181902B1A5B7C0001F281 /* Build configuration list for PBXNativeTarget "ZenZoneProjectWatch Watch App" */ = {
			isa = XCConfigurationList;
			buildConfigurations = (
				D51181912B1A5B7C0001F281 /* Debug */,
				D51181922B1A5B7C0001F281 /* Release */,
			);
			defaultConfigurationIsVisible = 0;
			defaultConfigurationName = Release;
		};
		D5DB8EE52B12DD5300D9C1C1 /* Build configuration list for PBXProject "ZenZoneProject" */ = {
			isa = XCConfigurationList;
			buildConfigurations = (
				D5DB8EF62B12DD5600D9C1C1 /* Debug */,
				D5DB8EF72B12DD5600D9C1C1 /* Release */,
			);
			defaultConfigurationIsVisible = 0;
			defaultConfigurationName = Release;
		};
		D5DB8EF82B12DD5600D9C1C1 /* Build configuration list for PBXNativeTarget "ZenZoneProject" */ = {
			isa = XCConfigurationList;
			buildConfigurations = (
				D5DB8EF92B12DD5600D9C1C1 /* Debug */,
				D5DB8EFA2B12DD5600D9C1C1 /* Release */,
			);
			defaultConfigurationIsVisible = 0;
			defaultConfigurationName = Release;
		};
/* End XCConfigurationList section */

/* Begin XCRemoteSwiftPackageReference section */
		C05AC1D52B18CEE800032293 /* XCRemoteSwiftPackageReference "firebase-ios-sdk" */ = {
			isa = XCRemoteSwiftPackageReference;
			repositoryURL = "https://github.com/firebase/firebase-ios-sdk";
			requirement = {
				kind = upToNextMajorVersion;
				minimumVersion = 10.0.0;
			};
		};
/* End XCRemoteSwiftPackageReference section */

/* Begin XCSwiftPackageProductDependency section */
		C05AC1D62B18CEE800032293 /* FirebaseAnalytics */ = {
			isa = XCSwiftPackageProductDependency;
			package = C05AC1D52B18CEE800032293 /* XCRemoteSwiftPackageReference "firebase-ios-sdk" */;
			productName = FirebaseAnalytics;
		};
		C05AC1D82B18CEE800032293 /* FirebaseAnalyticsOnDeviceConversion */ = {
			isa = XCSwiftPackageProductDependency;
			package = C05AC1D52B18CEE800032293 /* XCRemoteSwiftPackageReference "firebase-ios-sdk" */;
			productName = FirebaseAnalyticsOnDeviceConversion;
		};
		C05AC1DA2B18CEE800032293 /* FirebaseAnalyticsSwift */ = {
			isa = XCSwiftPackageProductDependency;
			package = C05AC1D52B18CEE800032293 /* XCRemoteSwiftPackageReference "firebase-ios-sdk" */;
			productName = FirebaseAnalyticsSwift;
		};
		C05AC1DC2B18CEE800032293 /* FirebaseAnalyticsWithoutAdIdSupport */ = {
			isa = XCSwiftPackageProductDependency;
			package = C05AC1D52B18CEE800032293 /* XCRemoteSwiftPackageReference "firebase-ios-sdk" */;
			productName = FirebaseAnalyticsWithoutAdIdSupport;
		};
		C05AC1DE2B18CEE800032293 /* FirebaseAuth */ = {
			isa = XCSwiftPackageProductDependency;
			package = C05AC1D52B18CEE800032293 /* XCRemoteSwiftPackageReference "firebase-ios-sdk" */;
			productName = FirebaseAuth;
		};
		C05AC1E02B18CEE800032293 /* FirebaseAuthCombine-Community */ = {
			isa = XCSwiftPackageProductDependency;
			package = C05AC1D52B18CEE800032293 /* XCRemoteSwiftPackageReference "firebase-ios-sdk" */;
			productName = "FirebaseAuthCombine-Community";
		};
		C05AC1E22B18CEE800032293 /* FirebaseDatabase */ = {
			isa = XCSwiftPackageProductDependency;
			package = C05AC1D52B18CEE800032293 /* XCRemoteSwiftPackageReference "firebase-ios-sdk" */;
			productName = FirebaseDatabase;
		};
		C05AC1E42B18CEE800032293 /* FirebaseDatabaseSwift */ = {
			isa = XCSwiftPackageProductDependency;
			package = C05AC1D52B18CEE800032293 /* XCRemoteSwiftPackageReference "firebase-ios-sdk" */;
			productName = FirebaseDatabaseSwift;
		};
		C05AC1E62B18CEE800032293 /* FirebaseFirestore */ = {
			isa = XCSwiftPackageProductDependency;
			package = C05AC1D52B18CEE800032293 /* XCRemoteSwiftPackageReference "firebase-ios-sdk" */;
			productName = FirebaseFirestore;
		};
		C05AC1E82B18CEE800032293 /* FirebaseFirestoreCombine-Community */ = {
			isa = XCSwiftPackageProductDependency;
			package = C05AC1D52B18CEE800032293 /* XCRemoteSwiftPackageReference "firebase-ios-sdk" */;
			productName = "FirebaseFirestoreCombine-Community";
		};
		C05AC1EA2B18CEE800032293 /* FirebaseFirestoreSwift */ = {
			isa = XCSwiftPackageProductDependency;
			package = C05AC1D52B18CEE800032293 /* XCRemoteSwiftPackageReference "firebase-ios-sdk" */;
			productName = FirebaseFirestoreSwift;
		};
		C05AC1EC2B18CEE800032293 /* FirebaseFunctions */ = {
			isa = XCSwiftPackageProductDependency;
			package = C05AC1D52B18CEE800032293 /* XCRemoteSwiftPackageReference "firebase-ios-sdk" */;
			productName = FirebaseFunctions;
		};
		C05AC1EE2B18CEE800032293 /* FirebaseFunctionsCombine-Community */ = {
			isa = XCSwiftPackageProductDependency;
			package = C05AC1D52B18CEE800032293 /* XCRemoteSwiftPackageReference "firebase-ios-sdk" */;
			productName = "FirebaseFunctionsCombine-Community";
		};
		C05AC1F02B18CEE800032293 /* FirebaseStorage */ = {
			isa = XCSwiftPackageProductDependency;
			package = C05AC1D52B18CEE800032293 /* XCRemoteSwiftPackageReference "firebase-ios-sdk" */;
			productName = FirebaseStorage;
		};
		C05AC1F22B18CEE800032293 /* FirebaseStorageCombine-Community */ = {
			isa = XCSwiftPackageProductDependency;
			package = C05AC1D52B18CEE800032293 /* XCRemoteSwiftPackageReference "firebase-ios-sdk" */;
			productName = "FirebaseStorageCombine-Community";
		};
/* End XCSwiftPackageProductDependency section */
	};
	rootObject = D5DB8EE22B12DD5300D9C1C1 /* Project object */;
}
